// !$*UTF8*$!
{
	archiveVersion = 1;
	classes = {
	};
	objectVersion = 55;
	objects = {

/* Begin PBXBuildFile section */
		AC2865A82775B8B4007DB090 /* AppDelegate.swift in Sources */ = {isa = PBXBuildFile; fileRef = AC2865A72775B8B4007DB090 /* AppDelegate.swift */; };
		AC2865AA2775B8B4007DB090 /* SceneDelegate.swift in Sources */ = {isa = PBXBuildFile; fileRef = AC2865A92775B8B4007DB090 /* SceneDelegate.swift */; };
		AC2865AC2775B8B4007DB090 /* ViewController.swift in Sources */ = {isa = PBXBuildFile; fileRef = AC2865AB2775B8B4007DB090 /* ViewController.swift */; };
		AC2865AF2775B8B4007DB090 /* Main.storyboard in Resources */ = {isa = PBXBuildFile; fileRef = AC2865AD2775B8B4007DB090 /* Main.storyboard */; };
		AC2865B12775B8B6007DB090 /* Assets.xcassets in Resources */ = {isa = PBXBuildFile; fileRef = AC2865B02775B8B6007DB090 /* Assets.xcassets */; };
		AC2865B42775B8B6007DB090 /* LaunchScreen.storyboard in Resources */ = {isa = PBXBuildFile; fileRef = AC2865B22775B8B6007DB090 /* LaunchScreen.storyboard */; };
		AC2865C02775C621007DB090 /* ApiHandler.swift in Sources */ = {isa = PBXBuildFile; fileRef = AC2865BF2775C621007DB090 /* ApiHandler.swift */; };
		AC2865C22775CE8A007DB090 /* CityDetails.swift in Sources */ = {isa = PBXBuildFile; fileRef = AC2865C12775CE8A007DB090 /* CityDetails.swift */; };
		AC2865C62775D04C007DB090 /* Extension.swift in Sources */ = {isa = PBXBuildFile; fileRef = AC2865C52775D04C007DB090 /* Extension.swift */; };
		AC2865C827789D29007DB090 /* splachCV.swift in Sources */ = {isa = PBXBuildFile; fileRef = AC2865C727789D28007DB090 /* splachCV.swift */; };
/* End PBXBuildFile section */

/* Begin PBXFileReference section */
		AC2865A42775B8B4007DB090 /* Assignment13.app */ = {isa = PBXFileReference; explicitFileType = wrapper.application; includeInIndex = 0; path = Assignment13.app; sourceTree = BUILT_PRODUCTS_DIR; };
		AC2865A72775B8B4007DB090 /* AppDelegate.swift */ = {isa = PBXFileReference; lastKnownFileType = sourcecode.swift; path = AppDelegate.swift; sourceTree = "<group>"; };
		AC2865A92775B8B4007DB090 /* SceneDelegate.swift */ = {isa = PBXFileReference; lastKnownFileType = sourcecode.swift; path = SceneDelegate.swift; sourceTree = "<group>"; };
		AC2865AB2775B8B4007DB090 /* ViewController.swift */ = {isa = PBXFileReference; lastKnownFileType = sourcecode.swift; path = ViewController.swift; sourceTree = "<group>"; };
		AC2865AE2775B8B4007DB090 /* Base */ = {isa = PBXFileReference; lastKnownFileType = file.storyboard; name = Base; path = Base.lproj/Main.storyboard; sourceTree = "<group>"; };
		AC2865B02775B8B6007DB090 /* Assets.xcassets */ = {isa = PBXFileReference; lastKnownFileType = folder.assetcatalog; path = Assets.xcassets; sourceTree = "<group>"; };
		AC2865B32775B8B6007DB090 /* Base */ = {isa = PBXFileReference; lastKnownFileType = file.storyboard; name = Base; path = Base.lproj/LaunchScreen.storyboard; sourceTree = "<group>"; };
		AC2865B52775B8B6007DB090 /* Info.plist */ = {isa = PBXFileReference; lastKnownFileType = text.plist.xml; path = Info.plist; sourceTree = "<group>"; };
		AC2865BF2775C621007DB090 /* ApiHandler.swift */ = {isa = PBXFileReference; lastKnownFileType = sourcecode.swift; path = ApiHandler.swift; sourceTree = "<group>"; };
		AC2865C12775CE8A007DB090 /* CityDetails.swift */ = {isa = PBXFileReference; lastKnownFileType = sourcecode.swift; path = CityDetails.swift; sourceTree = "<group>"; };
		AC2865C52775D04C007DB090 /* Extension.swift */ = {isa = PBXFileReference; fileEncoding = 4; lastKnownFileType = sourcecode.swift; path = Extension.swift; sourceTree = "<group>"; };
		AC2865C727789D28007DB090 /* splachCV.swift */ = {isa = PBXFileReference; lastKnownFileType = sourcecode.swift; path = splachCV.swift; sourceTree = "<group>"; };
/* End PBXFileReference section */

/* Begin PBXFrameworksBuildPhase section */
		AC2865A12775B8B4007DB090 /* Frameworks */ = {
			isa = PBXFrameworksBuildPhase;
			buildActionMask = 2147483647;
			files = (
			);
			runOnlyForDeploymentPostprocessing = 0;
		};
/* End PBXFrameworksBuildPhase section */

/* Begin PBXGroup section */
		AC28659B2775B8B4007DB090 = {
			isa = PBXGroup;
			children = (
				AC2865A62775B8B4007DB090 /* Assignment13 */,
				AC2865A52775B8B4007DB090 /* Products */,
			);
			sourceTree = "<group>";
		};
		AC2865A52775B8B4007DB090 /* Products */ = {
			isa = PBXGroup;
			children = (
				AC2865A42775B8B4007DB090 /* Assignment13.app */,
			);
			name = Products;
			sourceTree = "<group>";
		};
		AC2865A62775B8B4007DB090 /* Assignment13 */ = {
			isa = PBXGroup;
			children = (
				AC2865A72775B8B4007DB090 /* AppDelegate.swift */,
				AC2865A92775B8B4007DB090 /* SceneDelegate.swift */,
				AC2865AB2775B8B4007DB090 /* ViewController.swift */,
				AC2865C727789D28007DB090 /* splachCV.swift */,
				AC2865BF2775C621007DB090 /* ApiHandler.swift */,
				AC2865C12775CE8A007DB090 /* CityDetails.swift */,
				AC2865C52775D04C007DB090 /* Extension.swift */,
				AC2865AD2775B8B4007DB090 /* Main.storyboard */,
				AC2865B02775B8B6007DB090 /* Assets.xcassets */,
				AC2865B22775B8B6007DB090 /* LaunchScreen.storyboard */,
				AC2865B52775B8B6007DB090 /* Info.plist */,
			);
			path = Assignment13;
			sourceTree = "<group>";
		};
/* End PBXGroup section */

/* Begin PBXNativeTarget section */
		AC2865A32775B8B4007DB090 /* Assignment13 */ = {
			isa = PBXNativeTarget;
			buildConfigurationList = AC2865B82775B8B6007DB090 /* Build configuration list for PBXNativeTarget "Assignment13" */;
			buildPhases = (
				AC2865A02775B8B4007DB090 /* Sources */,
				AC2865A12775B8B4007DB090 /* Frameworks */,
				AC2865A22775B8B4007DB090 /* Resources */,
			);
			buildRules = (
			);
			dependencies = (
			);
			name = Assignment13;
			productName = Assignment13;
			productReference = AC2865A42775B8B4007DB090 /* Assignment13.app */;
			productType = "com.apple.product-type.application";
		};
/* End PBXNativeTarget section */

/* Begin PBXProject section */
		AC28659C2775B8B4007DB090 /* Project object */ = {
			isa = PBXProject;
			attributes = {
				BuildIndependentTargetsInParallel = 1;
				LastSwiftUpdateCheck = 1320;
				LastUpgradeCheck = 1320;
				TargetAttributes = {
					AC2865A32775B8B4007DB090 = {
						CreatedOnToolsVersion = 13.2.1;
					};
				};
			};
			buildConfigurationList = AC28659F2775B8B4007DB090 /* Build configuration list for PBXProject "Assignment13" */;
			compatibilityVersion = "Xcode 13.0";
			developmentRegion = en;
			hasScannedForEncodings = 0;
			knownRegions = (
				en,
				Base,
			);
			mainGroup = AC28659B2775B8B4007DB090;
			productRefGroup = AC2865A52775B8B4007DB090 /* Products */;
			projectDirPath = "";
			projectRoot = "";
			targets = (
				AC2865A32775B8B4007DB090 /* Assignment13 */,
			);
		};
/* End PBXProject section */

/* Begin PBXResourcesBuildPhase section */
		AC2865A22775B8B4007DB090 /* Resources */ = {
			isa = PBXResourcesBuildPhase;
			buildActionMask = 2147483647;
			files = (
				AC2865B42775B8B6007DB090 /* LaunchScreen.storyboard in Resources */,
				AC2865B12775B8B6007DB090 /* Assets.xcassets in Resources */,
				AC2865AF2775B8B4007DB090 /* Main.storyboard in Resources */,
			);
			runOnlyForDeploymentPostprocessing = 0;
		};
/* End PBXResourcesBuildPhase section */

/* Begin PBXSourcesBuildPhase section */
		AC2865A02775B8B4007DB090 /* Sources */ = {
			isa = PBXSourcesBuildPhase;
			buildActionMask = 2147483647;
			files = (
				AC2865AC2775B8B4007DB090 /* ViewController.swift in Sources */,
				AC2865A82775B8B4007DB090 /* AppDelegate.swift in Sources */,
				AC2865C827789D29007DB090 /* splachCV.swift in Sources */,
				AC2865AA2775B8B4007DB090 /* SceneDelegate.swift in Sources */,
				AC2865C62775D04C007DB090 /* Extension.swift in Sources */,
				AC2865C22775CE8A007DB090 /* CityDetails.swift in Sources */,
				AC2865C02775C621007DB090 /* ApiHandler.swift in Sources */,
			);
			runOnlyForDeploymentPostprocessing = 0;
		};
/* End PBXSourcesBuildPhase section */

/* Begin PBXVariantGroup section */
		AC2865AD2775B8B4007DB090 /* Main.storyboard */ = {
			isa = PBXVariantGroup;
			children = (
				AC2865AE2775B8B4007DB090 /* Base */,
			);
			name = Main.storyboard;
			sourceTree = "<group>";
		};
		AC2865B22775B8B6007DB090 /* LaunchScreen.storyboard */ = {
			isa = PBXVariantGroup;
			children = (
				AC2865B32775B8B6007DB090 /* Base */,
			);
			name = LaunchScreen.storyboard;
			sourceTree = "<group>";
		};
/* End PBXVariantGroup section */

/* Begin XCBuildConfiguration section */
		AC2865B62775B8B6007DB090 /* Debug */ = {
			isa = XCBuildConfiguration;
			buildSettings = {
				ALWAYS_SEARCH_USER_PATHS = NO;
				CLANG_ANALYZER_NONNULL = YES;
				CLANG_ANALYZER_NUMBER_OBJECT_CONVERSION = YES_AGGRESSIVE;
				CLANG_CXX_LANGUAGE_STANDARD = "gnu++17";
				CLANG_CXX_LIBRARY = "libc++";
				CLANG_ENABLE_MODULES = YES;
				CLANG_ENABLE_OBJC_ARC = YES;
				CLANG_ENABLE_OBJC_WEAK = YES;
				CLANG_WARN_BLOCK_CAPTURE_AUTORELEASING = YES;
				CLANG_WARN_BOOL_CONVERSION = YES;
				CLANG_WARN_COMMA = YES;
				CLANG_WARN_CONSTANT_CONVERSION = YES;
				CLANG_WARN_DEPRECATED_OBJC_IMPLEMENTATIONS = YES;
				CLANG_WARN_DIRECT_OBJC_ISA_USAGE = YES_ERROR;
				CLANG_WARN_DOCUMENTATION_COMMENTS = YES;
				CLANG_WARN_EMPTY_BODY = YES;
				CLANG_WARN_ENUM_CONVERSION = YES;
				CLANG_WARN_INFINITE_RECURSION = YES;
				CLANG_WARN_INT_CONVERSION = YES;
				CLANG_WARN_NON_LITERAL_NULL_CONVERSION = YES;
				CLANG_WARN_OBJC_IMPLICIT_RETAIN_SELF = YES;
				CLANG_WARN_OBJC_LITERAL_CONVERSION = YES;
				CLANG_WARN_OBJC_ROOT_CLASS = YES_ERROR;
				CLANG_WARN_QUOTED_INCLUDE_IN_FRAMEWORK_HEADER = YES;
				CLANG_WARN_RANGE_LOOP_ANALYSIS = YES;
				CLANG_WARN_STRICT_PROTOTYPES = YES;
				CLANG_WARN_SUSPICIOUS_MOVE = YES;
				CLANG_WARN_UNGUARDED_AVAILABILITY = YES_AGGRESSIVE;
				CLANG_WARN_UNREACHABLE_CODE = YES;
				CLANG_WARN__DUPLICATE_METHOD_MATCH = YES;
				COPY_PHASE_STRIP = NO;
				DEBUG_INFORMATION_FORMAT = dwarf;
				ENABLE_STRICT_OBJC_MSGSEND = YES;
				ENABLE_TESTABILITY = YES;
				GCC_C_LANGUAGE_STANDARD = gnu11;
				GCC_DYNAMIC_NO_PIC = NO;
				GCC_NO_COMMON_BLOCKS = YES;
				GCC_OPTIMIZATION_LEVEL = 0;
				GCC_PREPROCESSOR_DEFINITIONS = (
					"DEBUG=1",
					"$(inherited)",
				);
				GCC_WARN_64_TO_32_BIT_CONVERSION = YES;
				GCC_WARN_ABOUT_RETURN_TYPE = YES_ERROR;
				GCC_WARN_UNDECLARED_SELECTOR = YES;
				GCC_WARN_UNINITIALIZED_AUTOS = YES_AGGRESSIVE;
				GCC_WARN_UNUSED_FUNCTION = YES;
				GCC_WARN_UNUSED_VARIABLE = YES;
				IPHONEOS_DEPLOYMENT_TARGET = 15.2;
				MTL_ENABLE_DEBUG_INFO = INCLUDE_SOURCE;
				MTL_FAST_MATH = YES;
				ONLY_ACTIVE_ARCH = YES;
				SDKROOT = iphoneos;
				SWIFT_ACTIVE_COMPILATION_CONDITIONS = DEBUG;
				SWIFT_OPTIMIZATION_LEVEL = "-Onone";
			};
			name = Debug;
		};
		AC2865B72775B8B6007DB090 /* Release */ = {
			isa = XCBuildConfiguration;
			buildSettings = {
				ALWAYS_SEARCH_USER_PATHS = NO;
				CLANG_ANALYZER_NONNULL = YES;
				CLANG_ANALYZER_NUMBER_OBJECT_CONVERSION = YES_AGGRESSIVE;
				CLANG_CXX_LANGUAGE_STANDARD = "gnu++17";
				CLANG_CXX_LIBRARY = "libc++";
				CLANG_ENABLE_MODULES = YES;
				CLANG_ENABLE_OBJC_ARC = YES;
				CLANG_ENABLE_OBJC_WEAK = YES;
				CLANG_WARN_BLOCK_CAPTURE_AUTORELEASING = YES;
				CLANG_WARN_BOOL_CONVERSION = YES;
				CLANG_WARN_COMMA = YES;
				CLANG_WARN_CONSTANT_CONVERSION = YES;
				CLANG_WARN_DEPRECATED_OBJC_IMPLEMENTATIONS = YES;
				CLANG_WARN_DIRECT_OBJC_ISA_USAGE = YES_ERROR;
				CLANG_WARN_DOCUMENTATION_COMMENTS = YES;
				CLANG_WARN_EMPTY_BODY = YES;
				CLANG_WARN_ENUM_CONVERSION = YES;
				CLANG_WARN_INFINITE_RECURSION = YES;
				CLANG_WARN_INT_CONVERSION = YES;
				CLANG_WARN_NON_LITERAL_NULL_CONVERSION = YES;
				CLANG_WARN_OBJC_IMPLICIT_RETAIN_SELF = YES;
				CLANG_WARN_OBJC_LITERAL_CONVERSION = YES;
				CLANG_WARN_OBJC_ROOT_CLASS = YES_ERROR;
				CLANG_WARN_QUOTED_INCLUDE_IN_FRAMEWORK_HEADER = YES;
				CLANG_WARN_RANGE_LOOP_ANALYSIS = YES;
				CLANG_WARN_STRICT_PROTOTYPES = YES;
				CLANG_WARN_SUSPICIOUS_MOVE = YES;
				CLANG_WARN_UNGUARDED_AVAILABILITY = YES_AGGRESSIVE;
				CLANG_WARN_UNREACHABLE_CODE = YES;
				CLANG_WARN__DUPLICATE_METHOD_MATCH = YES;
				COPY_PHASE_STRIP = NO;
				DEBUG_INFORMATION_FORMAT = "dwarf-with-dsym";
				ENABLE_NS_ASSERTIONS = NO;
				ENABLE_STRICT_OBJC_MSGSEND = YES;
				GCC_C_LANGUAGE_STANDARD = gnu11;
				GCC_NO_COMMON_BLOCKS = YES;
				GCC_WARN_64_TO_32_BIT_CONVERSION = YES;
				GCC_WARN_ABOUT_RETURN_TYPE = YES_ERROR;
				GCC_WARN_UNDECLARED_SELECTOR = YES;
				GCC_WARN_UNINITIALIZED_AUTOS = YES_AGGRESSIVE;
				GCC_WARN_UNUSED_FUNCTION = YES;
				GCC_WARN_UNUSED_VARIABLE = YES;
				IPHONEOS_DEPLOYMENT_TARGET = 15.2;
				MTL_ENABLE_DEBUG_INFO = NO;
				MTL_FAST_MATH = YES;
				SDKROOT = iphoneos;
				SWIFT_COMPILATION_MODE = wholemodule;
				SWIFT_OPTIMIZATION_LEVEL = "-O";
				VALIDATE_PRODUCT = YES;
			};
			name = Release;
		};
		AC2865B92775B8B6007DB090 /* Debug */ = {
			isa = XCBuildConfiguration;
			buildSettings = {
				ASSETCATALOG_COMPILER_APPICON_NAME = AppIcon;
				ASSETCATALOG_COMPILER_GLOBAL_ACCENT_COLOR_NAME = AccentColor;
				CODE_SIGN_STYLE = Automatic;
				CURRENT_PROJECT_VERSION = 1;
				GENERATE_INFOPLIST_FILE = YES;
				INFOPLIST_FILE = Assignment13/Info.plist;
				INFOPLIST_KEY_UIApplicationSupportsIndirectInputEvents = YES;
				INFOPLIST_KEY_UILaunchStoryboardName = LaunchScreen;
				INFOPLIST_KEY_UIMainStoryboardFile = Main;
				INFOPLIST_KEY_UISupportedInterfaceOrientations_iPad = "UIInterfaceOrientationPortrait UIInterfaceOrientationPortraitUpsideDown UIInterfaceOrientationLandscapeLeft UIInterfaceOrientationLandscapeRight";
				INFOPLIST_KEY_UISupportedInterfaceOrientations_iPhone = "UIInterfaceOrientationPortrait UIInterfaceOrientationLandscapeLeft UIInterfaceOrientationLandscapeRight";
				LD_RUNPATH_SEARCH_PATHS = (
					"$(inherited)",
					"@executable_path/Frameworks",
				);
				MARKETING_VERSION = 1.0;
				PRODUCT_BUNDLE_IDENTIFIER = com.ios.hp.Assignment13;
				PRODUCT_NAME = "$(TARGET_NAME)";
				SWIFT_EMIT_LOC_STRINGS = YES;
				SWIFT_VERSION = 5.0;
				TARGETED_DEVICE_FAMILY = "1,2";
			};
			name = Debug;
		};
		AC2865BA2775B8B6007DB090 /* Release */ = {
			isa = XCBuildConfiguration;
			buildSettings = {
				ASSETCATALOG_COMPILER_APPICON_NAME = AppIcon;
				ASSETCATALOG_COMPILER_GLOBAL_ACCENT_COLOR_NAME = AccentColor;
				CODE_SIGN_STYLE = Automatic;
				CURRENT_PROJECT_VERSION = 1;
				GENERATE_INFOPLIST_FILE = YES;
				INFOPLIST_FILE = Assignment13/Info.plist;
				INFOPLIST_KEY_UIApplicationSupportsIndirectInputEvents = YES;
				INFOPLIST_KEY_UILaunchStoryboardName = LaunchScreen;
				INFOPLIST_KEY_UIMainStoryboardFile = Main;
				INFOPLIST_KEY_UISupportedInterfaceOrientations_iPad = "UIInterfaceOrientationPortrait UIInterfaceOrientationPortraitUpsideDown UIInterfaceOrientationLandscapeLeft UIInterfaceOrientationLandscapeRight";
				INFOPLIST_KEY_UISupportedInterfaceOrientations_iPhone = "UIInterfaceOrientationPortrait UIInterfaceOrientationLandscapeLeft UIInterfaceOrientationLandscapeRight";
				LD_RUNPATH_SEARCH_PATHS = (
					"$(inherited)",
					"@executable_path/Frameworks",
				);
				MARKETING_VERSION = 1.0;
				PRODUCT_BUNDLE_IDENTIFIER = com.ios.hp.Assignment13;
				PRODUCT_NAME = "$(TARGET_NAME)";
				SWIFT_EMIT_LOC_STRINGS = YES;
				SWIFT_VERSION = 5.0;
				TARGETED_DEVICE_FAMILY = "1,2";
			};
			name = Release;
		};
/* End XCBuildConfiguration section */

/* Begin XCConfigurationList section */
		AC28659F2775B8B4007DB090 /* Build configuration list for PBXProject "Assignment13" */ = {
			isa = XCConfigurationList;
			buildConfigurations = (
				AC2865B62775B8B6007DB090 /* Debug */,
				AC2865B72775B8B6007DB090 /* Release */,
			);
			defaultConfigurationIsVisible = 0;
			defaultConfigurationName = Release;
		};
		AC2865B82775B8B6007DB090 /* Build configuration list for PBXNativeTarget "Assignment13" */ = {
			isa = XCConfigurationList;
			buildConfigurations = (
				AC2865B92775B8B6007DB090 /* Debug */,
				AC2865BA2775B8B6007DB090 /* Release */,
			);
			defaultConfigurationIsVisible = 0;
			defaultConfigurationName = Release;
		};
/* End XCConfigurationList section */
	};
	rootObject = AC28659C2775B8B4007DB090 /* Project object */;
}
